
Microsoft Visual Studio Solution File, Format Version 12.00
# Visual Studio Version 16
VisualStudioVersion = 16.0.30621.155
MinimumVisualStudioVersion = 10.0.40219.1
Project("{FAE04EC0-301F-11D3-BF4B-00C04F79EFBC}") = "CineSuko", "CineSuko.csproj", "{073424F4-D8FE-4239-856A-F8A1BFAEF755}"
EndProject
Project("{54435603-DBB4-11D2-8724-00A0C9A8B90C}") = "Setup3", "..\Setup3\Setup3.vdproj", "{847DE3E7-73BC-42C6-B250-CEC8D9FA8E79}"
EndProject
Global
	GlobalSection(SolutionConfigurationPlatforms) = preSolution
		Debug|Any CPU = Debug|Any CPU
		Release|Any CPU = Release|Any CPU
	EndGlobalSection
	GlobalSection(ProjectConfigurationPlatforms) = postSolution
		{073424F4-D8FE-4239-856A-F8A1BFAEF755}.Debug|Any CPU.ActiveCfg = Debug|Any CPU
		{073424F4-D8FE-4239-856A-F8A1BFAEF755}.Debug|Any CPU.Build.0 = Debug|Any CPU
		{073424F4-D8FE-4239-856A-F8A1BFAEF755}.Release|Any CPU.ActiveCfg = Release|Any CPU
		{073424F4-D8FE-4239-856A-F8A1BFAEF755}.Release|Any CPU.Build.0 = Release|Any CPU
		{847DE3E7-73BC-42C6-B250-CEC8D9FA8E79}.Debug|Any CPU.ActiveCfg = Debug
		{847DE3E7-73BC-42C6-B250-CEC8D9FA8E79}.Release|Any CPU.ActiveCfg = Release
	EndGlobalSection
	GlobalSection(SolutionProperties) = preSolution
		HideSolutionNode = FALSE
	EndGlobalSection
	GlobalSection(ExtensibilityGlobals) = postSolution
		SolutionGuid = {CF539B26-37AE-4805-9EF9-B368B42AB196}
	EndGlobalSection
EndGlobal
